
Microsoft Visual Studio Solution File, Format Version 12.00
# Visual Studio Version 16
VisualStudioVersion = 16.0.31424.327
MinimumVisualStudioVersion = 10.0.40219.1
Project("{FAE04EC0-301F-11D3-BF4B-00C04F79EFBC}") = "Course Planner.Android", "Course Planner\Course Planner.Android\Course Planner.Android.csproj", "{0465275C-228E-4ED3-BBDA-D83B03A5B8D1}"
EndProject
Project("{9A19103F-16F7-4668-BE54-9A1E7A4F7556}") = "Course Planner", "Course Planner\Course Planner\Course Planner.csproj", "{05CD72D0-91EC-44FF-A5E1-C7B2BA3D0942}"
EndProject
Global
	GlobalSection(SolutionConfigurationPlatforms) = preSolution
		Debug|Any CPU = Debug|Any CPU
		Debug|iPhone = Debug|iPhone
		Debug|iPhoneSimulator = Debug|iPhoneSimulator
		Release|Any CPU = Release|Any CPU
		Release|iPhone = Release|iPhone
		Release|iPhoneSimulator = Release|iPhoneSimulator
	EndGlobalSection
	GlobalSection(ProjectConfigurationPlatforms) = postSolution
		{0465275C-228E-4ED3-BBDA-D83B03A5B8D1}.Debug|Any CPU.ActiveCfg = Debug|Any CPU
		{0465275C-228E-4ED3-BBDA-D83B03A5B8D1}.Debug|Any CPU.Build.0 = Debug|Any CPU
		{0465275C-228E-4ED3-BBDA-D83B03A5B8D1}.Debug|Any CPU.Deploy.0 = Debug|Any CPU
		{0465275C-228E-4ED3-BBDA-D83B03A5B8D1}.Debug|iPhone.ActiveCfg = Debug|Any CPU
		{0465275C-228E-4ED3-BBDA-D83B03A5B8D1}.Debug|iPhone.Build.0 = Debug|Any CPU
		{0465275C-228E-4ED3-BBDA-D83B03A5B8D1}.Debug|iPhone.Deploy.0 = Debug|Any CPU
		{0465275C-228E-4ED3-BBDA-D83B03A5B8D1}.Debug|iPhoneSimulator.ActiveCfg = Debug|Any CPU
		{0465275C-228E-4ED3-BBDA-D83B03A5B8D1}.Debug|iPhoneSimulator.Build.0 = Debug|Any CPU
		{0465275C-228E-4ED3-BBDA-D83B03A5B8D1}.Debug|iPhoneSimulator.Deploy.0 = Debug|Any CPU
		{0465275C-228E-4ED3-BBDA-D83B03A5B8D1}.Release|Any CPU.ActiveCfg = Release|Any CPU
		{0465275C-228E-4ED3-BBDA-D83B03A5B8D1}.Release|Any CPU.Build.0 = Release|Any CPU
		{0465275C-228E-4ED3-BBDA-D83B03A5B8D1}.Release|Any CPU.Deploy.0 = Release|Any CPU
		{0465275C-228E-4ED3-BBDA-D83B03A5B8D1}.Release|iPhone.ActiveCfg = Release|Any CPU
		{0465275C-228E-4ED3-BBDA-D83B03A5B8D1}.Release|iPhone.Build.0 = Release|Any CPU
		{0465275C-228E-4ED3-BBDA-D83B03A5B8D1}.Release|iPhone.Deploy.0 = Release|Any CPU
		{0465275C-228E-4ED3-BBDA-D83B03A5B8D1}.Release|iPhoneSimulator.ActiveCfg = Release|Any CPU
		{0465275C-228E-4ED3-BBDA-D83B03A5B8D1}.Release|iPhoneSimulator.Build.0 = Release|Any CPU
		{0465275C-228E-4ED3-BBDA-D83B03A5B8D1}.Release|iPhoneSimulator.Deploy.0 = Release|Any CPU
		{05CD72D0-91EC-44FF-A5E1-C7B2BA3D0942}.Debug|Any CPU.ActiveCfg = Debug|Any CPU
		{05CD72D0-91EC-44FF-A5E1-C7B2BA3D0942}.Debug|Any CPU.Build.0 = Debug|Any CPU
		{05CD72D0-91EC-44FF-A5E1-C7B2BA3D0942}.Debug|Any CPU.Deploy.0 = Debug|Any CPU
		{05CD72D0-91EC-44FF-A5E1-C7B2BA3D0942}.Debug|iPhone.ActiveCfg = Debug|Any CPU
		{05CD72D0-91EC-44FF-A5E1-C7B2BA3D0942}.Debug|iPhone.Build.0 = Debug|Any CPU
		{05CD72D0-91EC-44FF-A5E1-C7B2BA3D0942}.Debug|iPhone.Deploy.0 = Debug|Any CPU
		{05CD72D0-91EC-44FF-A5E1-C7B2BA3D0942}.Debug|iPhoneSimulator.ActiveCfg = Debug|Any CPU
		{05CD72D0-91EC-44FF-A5E1-C7B2BA3D0942}.Debug|iPhoneSimulator.Build.0 = Debug|Any CPU
		{05CD72D0-91EC-44FF-A5E1-C7B2BA3D0942}.Debug|iPhoneSimulator.Deploy.0 = Debug|Any CPU
		{05CD72D0-91EC-44FF-A5E1-C7B2BA3D0942}.Release|Any CPU.ActiveCfg = Release|Any CPU
		{05CD72D0-91EC-44FF-A5E1-C7B2BA3D0942}.Release|Any CPU.Build.0 = Release|Any CPU
		{05CD72D0-91EC-44FF-A5E1-C7B2BA3D0942}.Release|Any CPU.Deploy.0 = Release|Any CPU
		{05CD72D0-91EC-44FF-A5E1-C7B2BA3D0942}.Release|iPhone.ActiveCfg = Release|Any CPU
		{05CD72D0-91EC-44FF-A5E1-C7B2BA3D0942}.Release|iPhone.Build.0 = Release|Any CPU
		{05CD72D0-91EC-44FF-A5E1-C7B2BA3D0942}.Release|iPhone.Deploy.0 = Release|Any CPU
		{05CD72D0-91EC-44FF-A5E1-C7B2BA3D0942}.Release|iPhoneSimulator.ActiveCfg = Release|Any CPU
		{05CD72D0-91EC-44FF-A5E1-C7B2BA3D0942}.Release|iPhoneSimulator.Build.0 = Release|Any CPU
		{05CD72D0-91EC-44FF-A5E1-C7B2BA3D0942}.Release|iPhoneSimulator.Deploy.0 = Release|Any CPU
	EndGlobalSection
	GlobalSection(SolutionProperties) = preSolution
		HideSolutionNode = FALSE
	EndGlobalSection
	GlobalSection(ExtensibilityGlobals) = postSolution
		SolutionGuid = {5F299CB8-CD5F-494D-A6CC-32DFFFC96583}
	EndGlobalSection
EndGlobal
